
Microsoft Visual Studio Solution File, Format Version 12.00
# Visual Studio 15
VisualStudioVersion = 15.0.26730.16
MinimumVisualStudioVersion = 10.0.40219.1
Project("{FAE04EC0-301F-11D3-BF4B-00C04F79EFBC}") = "SoThuXiGon", "SoThuXiGon\SoThuXiGon.csproj", "{B4F3B44E-6B07-4D93-84C2-1C384D67893D}"
EndProject
Global
	GlobalSection(SolutionConfigurationPlatforms) = preSolution
		Debug|Any CPU = Debug|Any CPU
		Release|Any CPU = Release|Any CPU
	EndGlobalSection
	GlobalSection(ProjectConfigurationPlatforms) = postSolution
		{B4F3B44E-6B07-4D93-84C2-1C384D67893D}.Debug|Any CPU.ActiveCfg = Debug|Any CPU
		{B4F3B44E-6B07-4D93-84C2-1C384D67893D}.Debug|Any CPU.Build.0 = Debug|Any CPU
		{B4F3B44E-6B07-4D93-84C2-1C384D67893D}.Release|Any CPU.ActiveCfg = Release|Any CPU
		{B4F3B44E-6B07-4D93-84C2-1C384D67893D}.Release|Any CPU.Build.0 = Release|Any CPU
	EndGlobalSection
	GlobalSection(SolutionProperties) = preSolution
		HideSolutionNode = FALSE
	EndGlobalSection
	GlobalSection(ExtensibilityGlobals) = postSolution
		SolutionGuid = {0E02FC70-AD7F-4421-9CCF-7E7375243F00}
	EndGlobalSection
EndGlobal
